{
    "hash": "bc49d1fdb4646d2511d577f91577da70",
    "packages": [
        {
            "package": "doctrine/common",
            "version": "dev-master",
            "alias-pretty-version": "2.3.x-dev",
            "alias-version": "2.3.9999999.9999999-dev"
        },
        {
            "package": "doctrine/common",
            "version": "dev-master",
            "source-reference": "b3afbb80506d909743475c5b0904285ab0c07941",
            "commit-date": "1341670930"
        },
        {
            "package": "doctrine/data-fixtures",
            "version": "dev-master",
            "source-reference": "779c3dfe446b6da893be87b908d6be28345d1e01",
            "commit-date": "1341780535"
        },
        {
            "package": "doctrine/dbal",
            "version": "dev-master",
            "alias-pretty-version": "2.3.x-dev",
            "alias-version": "2.3.9999999.9999999-dev"
        },
        {
            "package": "doctrine/dbal",
            "version": "dev-master",
            "source-reference": "40d9841f3b007c842d10b47d828683ce9a97ba06",
            "commit-date": "1341779369"
        },
        {
            "package": "doctrine/doctrine-bundle",
            "version": "dev-master",
            "alias-pretty-version": "1.0.x-dev",
            "alias-version": "1.0.9999999.9999999-dev"
        },
        {
            "package": "doctrine/doctrine-bundle",
            "version": "dev-master",
            "source-reference": "c9ea46d1f0c48bb88bb87b44214fe44e03c0c692",
            "commit-date": "1341405737"
        },
        {
            "package": "doctrine/doctrine-fixtures-bundle",
            "version": "dev-master",
            "source-reference": "a5103a71bcd9b2f851ca6c16519a077784a3184a",
            "commit-date": "1341472847"
        },
        {
            "package": "doctrine/doctrine-migrations-bundle",
            "version": "dev-master",
            "source-reference": "3792aa78445773387754c6853bbd7f4dcb31f486",
            "commit-date": "1341472972"
        },
        {
            "package": "doctrine/migrations",
            "version": "dev-master",
            "source-reference": "fe98141b1e460baf5ab52f9139e1ae238101b28b",
            "commit-date": "1336330359"
        },
        {
            "package": "doctrine/orm",
            "version": "dev-master",
            "alias-pretty-version": "2.3.x-dev",
            "alias-version": "2.3.9999999.9999999-dev"
        },
        {
            "package": "doctrine/orm",
            "version": "dev-master",
            "source-reference": "113c6f51c2ef97a9f0992ecff7de278f1ba39877",
            "commit-date": "1341846991"
        },
        {
            "package": "friendsofsymfony/user-bundle",
            "version": "dev-master",
            "source-reference": "46735a4b0d7d490dded7ca24c83ccad41910b1fa",
            "commit-date": "1341863191"
        },
        {
            "package": "gedmo/doctrine-extensions",
            "version": "dev-master",
            "source-reference": "d294fe4340cf72926e0649378aba5dbf1641a5a1",
            "commit-date": "1341766314"
        },
        {
            "package": "geoffreytran/zym",
            "version": "dev-master",
            "source-reference": "5e7c9725611fc8c4ba0ea8bd3fc6c153d5e6d06f",
            "commit-date": "1341866040"
        },
        {
            "package": "jms/aop-bundle",
            "version": "1.0.0"
        },
        {
            "package": "jms/cg",
            "version": "1.0.0"
        },
        {
            "package": "jms/di-extra-bundle",
            "version": "1.0.1"
        },
        {
            "package": "jms/metadata",
            "version": "1.1.1"
        },
        {
            "package": "jms/security-extra-bundle",
            "version": "1.1.0"
        },
        {
            "package": "jms/serializer-bundle",
            "version": "dev-master",
            "source-reference": "6df19222b597ab6f44c67dde4499766a5ca1fb99",
            "commit-date": "1341570103"
        },
        {
            "package": "knplabs/knp-components",
            "version": "dev-master",
            "source-reference": "99ea408dc2a7c3616e688ffe67e3248ece69ff0e",
            "commit-date": "1339767068"
        },
        {
            "package": "knplabs/knp-menu",
            "version": "dev-master",
            "alias-pretty-version": "2.0.x-dev",
            "alias-version": "2.0.9999999.9999999-dev"
        },
        {
            "package": "knplabs/knp-menu",
            "version": "dev-master",
            "source-reference": "418788056ba5b95f4a2717ba5b4d4ab078aca4ab",
            "commit-date": "1340209324"
        },
        {
            "package": "knplabs/knp-menu-bundle",
            "version": "dev-master",
            "source-reference": "ba1ff625e4b34131106e12ee475eb6397eb5a758",
            "commit-date": "1341324163"
        },
        {
            "package": "knplabs/knp-paginator-bundle",
            "version": "dev-master",
            "source-reference": "427db8350ae57659645ba35480bbe1194c1c695f",
            "commit-date": "1339165136"
        },
        {
            "package": "knplabs/knp-time-bundle",
            "version": "dev-master",
            "source-reference": "f05a3f4da5369c2fb87610dca27fd3cb2f27a80a",
            "commit-date": "1339679078"
        },
        {
            "package": "kriswallsmith/assetic",
            "version": "dev-master",
            "alias-pretty-version": "1.1.x-dev",
            "alias-version": "1.1.9999999.9999999-dev"
        },
        {
            "package": "kriswallsmith/assetic",
            "version": "dev-master",
            "source-reference": "d6f89a3170c5280ad554347dc113eb25fdf00ad7",
            "commit-date": "1339515714"
        },
        {
            "package": "monolog/monolog",
            "version": "1.1.0"
        },
        {
            "package": "mopa/bootstrap-bundle",
            "version": "dev-master",
            "source-reference": "fab42b40054d585621168333be6c8de67a120d4b",
            "commit-date": "1341598245"
        },
        {
            "package": "mopa/composer-bridge",
            "version": "dev-master",
            "source-reference": "84b8bf537163b4470f14d02554a0e9eb5d300172",
            "commit-date": "1337596733"
        },
        {
            "package": "nervo/yuicompressor",
            "version": "dev-master",
            "source-reference": "2.4.7",
            "commit-date": "1336811490"
        },
        {
            "package": "opensky/runtime-config-bundle",
            "version": "dev-master",
            "source-reference": "7217c2976302bcfcff8578d36b18a008d2efabe4",
            "commit-date": "1333390843"
        },
        {
            "package": "sensio/distribution-bundle",
            "version": "dev-master",
            "source-reference": "9a7dbd867fd5061e4bfd660a175aa66122f53d25",
            "commit-date": "1341741741"
        },
        {
            "package": "sensio/framework-extra-bundle",
            "version": "dev-master",
            "source-reference": "4f54e5d5fb3b54fb107892684018f3704934c48d",
            "commit-date": "1341126219"
        },
        {
            "package": "sensio/generator-bundle",
            "version": "dev-master",
            "source-reference": "43ed45c48db18e4a0e48aec0c098f42e56e22d36",
            "commit-date": "1340138445"
        },
        {
            "package": "stof/doctrine-extensions-bundle",
            "version": "dev-master",
            "source-reference": "f141a698d65271a18d86469c1f7b29d7e24170dd",
            "commit-date": "1334871333"
        },
        {
            "package": "swiftmailer/swiftmailer",
            "version": "dev-master",
            "alias-pretty-version": "4.2.x-dev",
            "alias-version": "4.2.9999999.9999999-dev"
        },
        {
            "package": "swiftmailer/swiftmailer",
            "version": "dev-master",
            "source-reference": "f51b5f33c83b48faea75f1285f99a2e8f1c66f75",
            "commit-date": "1341746460"
        },
        {
            "package": "symfony/assetic-bundle",
            "version": "dev-master",
            "source-reference": "8fe7b898b08103c1d6fce64c3e279a7afd61adfc",
            "commit-date": "1340234971"
        },
        {
            "package": "symfony/monolog-bundle",
            "version": "dev-master",
            "source-reference": "v2.1.0-BETA2",
            "commit-date": "1341078487"
        },
        {
            "package": "symfony/swiftmailer-bundle",
            "version": "dev-master",
            "source-reference": "v2.1.0-BETA2",
            "commit-date": "1341509614"
        },
        {
            "package": "symfony/symfony",
            "version": "dev-master",
            "alias-pretty-version": "2.1.x-dev",
            "alias-version": "2.1.9999999.9999999-dev"
        },
        {
            "package": "symfony/symfony",
            "version": "dev-master",
            "source-reference": "5f6a17b8ccbad04366d0381f8478161b9544b05e",
            "commit-date": "1341854939"
        },
        {
            "package": "twig/extensions",
            "version": "dev-master",
            "source-reference": "feb6d3f10c411e2631997c0a905aa581c80305c1",
            "commit-date": "1337599699"
        },
        {
            "package": "twig/twig",
            "version": "dev-master",
            "alias-pretty-version": "1.9.x-dev",
            "alias-version": "1.9.9999999.9999999-dev"
        },
        {
            "package": "twig/twig",
            "version": "dev-master",
            "source-reference": "26eb0a2653eade50dffdd31b11ca454232dea8cf",
            "commit-date": "1341423205"
        }
    ],
    "packages-dev": null,
    "aliases": [

    ],
    "minimum-stability": "dev",
    "stability-flags": {
        "doctrine/doctrine-bundle": 20,
        "twig/extensions": 20,
        "symfony/assetic-bundle": 20,
        "symfony/swiftmailer-bundle": 20,
        "symfony/monolog-bundle": 20,
        "sensio/distribution-bundle": 20,
        "sensio/framework-extra-bundle": 20,
        "sensio/generator-bundle": 20,
        "geoffreytran/zym": 20,
        "nervo/yuicompressor": 20,
        "doctrine/doctrine-migrations-bundle": 20,
        "doctrine/doctrine-fixtures-bundle": 20,
        "stof/doctrine-extensions-bundle": 20,
        "knplabs/knp-menu-bundle": 20,
        "knplabs/knp-paginator-bundle": 20,
        "knplabs/knp-time-bundle": 20,
        "friendsofsymfony/user-bundle": 20,
        "jms/serializer-bundle": 20,
        "mopa/bootstrap-bundle": 20,
        "opensky/runtime-config-bundle": 20
    }
}
