SITE
  remote: http://community.opscode.com/api/v1
  specs:
    apache (0.0.5)
      apache2 (>= 0.0.0)
    apache2 (1.6.2)
    application_php (1.1.0)
      apache2 (>= 0.0.0)
      php (>= 0.0.0)
    apt (1.7.0)
    ark (0.1.0)
    aws (0.100.6)
    build-essential (1.4.0)
    chef-client (2.2.2)
      cron (>= 0.0.0)
    chef_handler (1.1.4)
    cron (1.2.2)
    database (1.3.12)
      aws (>= 0.0.0)
      mysql (>= 1.3.0)
      postgresql (>= 1.0.0)
      xfs (>= 0.0.0)
    dmg (1.1.0)
    ffmpeg (0.2.1)
      build-essential (>= 0.0.0)
      git (>= 0.0.0)
      libvpx (~> 0.2.0)
      x264 (~> 0.3.0)
    git (2.5.0)
      build-essential (>= 0.0.0)
      dmg (>= 0.0.0)
      runit (>= 1.0)
      windows (>= 0.0.0)
      yum (>= 0.0.0)
    htop (1.0.0)
    imagemagick (0.2.2)
    java (1.10.2)
      windows (>= 0.0.0)
    libvpx (0.2.0)
      build-essential (>= 0.0.0)
      git (>= 0.0.0)
    memcached (1.3.0)
      runit (~> 1.0)
      yum (>= 0.0.0)
    mysql (3.0.0)
      build-essential (>= 0.0.0)
      openssl (>= 0.0.0)
    nodejs (1.1.2)
      apt (>= 0.0.0)
      build-essential (>= 0.0.0)
    npm (0.1.1)
      nodejs (>= 0.0.0)
    openssl (1.0.2)
    postgresql (2.4.0)
      apt (>= 0.0.0)
      build-essential (>= 0.0.0)
      openssl (>= 0.0.0)
    python (1.2.2)
      build-essential (>= 0.0.0)
      yum (>= 0.0.0)
    redisio (1.4.1)
      ulimit (>= 0.1.2)
    rsync (0.8.0)
    runit (1.1.4)
      build-essential (>= 0.0.0)
      yum (>= 0.0.0)
    screen (0.8.0)
      build-essential (>= 0.0.0)
      git (>= 0.0.0)
    sqlite (1.0.0)
    subversion (1.0.2)
      apache2 (>= 0.0.0)
      windows (>= 0.0.0)
    sudo (2.1.0)
    supervisor (0.4.0)
      python (>= 0.0.0)
    ulimit (0.2.0)
    windows (1.8.10)
      chef_handler (>= 0.0.0)
    x264 (0.3.0)
      build-essential (>= 0.0.0)
      git (>= 0.0.0)
    xfs (1.1.0)
    xml (1.1.2)
      build-essential (>= 0.0.0)
    yum (2.2.0)

GIT
  remote: https://github.com/elasticsearch/cookbook-elasticsearch
  ref: master
  sha: d9aed1b198f1f7abf4840c612c382071e6418d61
  specs:
    elasticsearch (0.2.7)
      ark (>= 0.0.0)

GIT
  remote: https://github.com/geoffreytran/chef-composer
  ref: master
  sha: c8d97f030acde3e4e83afbde1207540af29c726d
  specs:
    composer (0.0.5)
      apache2 (>= 0.0.0)

GIT
  remote: https://github.com/geoffreytran/chef-lesscss
  ref: master
  sha: 47df46f2960a67cf64b0331126367e4e33b31b32
  specs:
    lesscss (0.0.1)
      npm (>= 0.0.0)

GIT
  remote: https://github.com/geoffreytran/chef-mysql_charset
  ref: master
  sha: 1a02cac15e0715894540c8680f3c6483bf29b52b
  specs:
    mysql_charset (0.0.1)
      mysql (>= 0.0.0)

GIT
  remote: https://github.com/geoffreytran/chef-symfony2
  ref: master
  sha: 782f8ca1136ac3abdb9089f8b5afd79f77d316b8
  specs:
    symfony2 (0.0.1)
      apache (>= 0.0.0)

GIT
  remote: https://github.com/hairyhum/chef-php54.git
  ref: master
  sha: 22e9adea8643fc7cff080974c36df1d1fb363da0
  specs:
    php54 (0.1.0)
      php (>= 0.0.0)

GIT
  remote: https://github.com/opscode-cookbooks/application.git
  ref: da3eb5ac8fc20e9db7213c3b22f0a7856a73778c
  sha: da3eb5ac8fc20e9db7213c3b22f0a7856a73778c
  specs:
    application (2.0.1)

GIT
  remote: https://github.com/opscode-cookbooks/php
  ref: master
  sha: 70e5966bae896cb88f72c1c8450f0c9a9c88decb
  specs:
    php (1.1.8)
      build-essential (>= 0.0.0)
      mysql (>= 0.0.0)
      xml (>= 0.0.0)

GIT
  remote: https://github.com/opscode-cookbooks/users
  ref: master
  sha: a29adc2981961e81c0f9483da4ef2c318e560d69
  specs:
    users (1.5.1)

DEPENDENCIES
  apache2 (>= 0)
  application (>= 0)
  application_php (>= 0)
  apt (= 1.7.0)
  ark (>= 0)
  build-essential (>= 0)
  chef-client (>= 0)
  composer (>= 0)
  database (>= 0)
  elasticsearch (>= 0)
  ffmpeg (>= 0)
  git (>= 0)
  htop (>= 0)
  imagemagick (>= 0)
  java (>= 0)
  lesscss (>= 0)
  memcached (>= 0)
  mysql (>= 0)
  mysql_charset (>= 0)
  nodejs (>= 0)
  npm (>= 0)
  php (>= 0)
  php54 (>= 0)
  redisio (>= 0)
  rsync (>= 0)
  screen (>= 0)
  sqlite (>= 0)
  subversion (>= 0)
  sudo (>= 0)
  supervisor (>= 0)
  symfony2 (>= 0)
  users (>= 0)
  x264 (>= 0)
  yum (>= 0)

