SITE
  remote: http://community.opscode.com/api/v1
  specs:
    apache (0.0.5)
      apache2 (>= 0.0.0)
    apache2 (1.4.0)
    application_php (1.0.4)
      apache2 (>= 0.0.0)
      php (>= 0.0.0)
    apt (1.7.0)
    ark (0.0.17)
    aws (0.100.4)
    build-essential (1.3.2)
    chef_handler (1.1.2)
    database (1.3.6)
      aws (>= 0.0.0)
      mysql (>= 1.3.0)
      postgresql (>= 1.0.0)
      xfs (>= 0.0.0)
    dmg (1.1.0)
    ffmpeg (0.2.1)
      build-essential (>= 0.0.0)
      git (>= 0.0.0)
      libvpx (~> 0.2.0)
      x264 (~> 0.3.0)
    git (2.1.2)
      build-essential (>= 0.0.0)
      dmg (>= 0.0.0)
      runit (>= 0.0.0)
      windows (>= 0.0.0)
      yum (>= 0.0.0)
    htop (0.1.0)
    imagemagick (0.2.2)
    java (1.7.0)
    libvpx (0.2.0)
      build-essential (>= 0.0.0)
      git (>= 0.0.0)
    memcached (1.1.2)
      runit (>= 0.0.0)
    mysql (2.1.0)
      build-essential (>= 0.0.0)
      openssl (>= 0.0.0)
    nodejs (1.0.1)
      build-essential (>= 0.0.0)
    npm (0.1.0)
      nodejs (>= 0.0.0)
    openssl (1.0.0)
    postgresql (2.1.0)
      openssl (>= 0.0.0)
    python (1.2.2)
      build-essential (>= 0.0.0)
      yum (>= 0.0.0)
    redisio (1.2.0)
    rsync (0.8.0)
    runit (0.16.2)
    screen (0.8.0)
      build-essential (>= 0.0.0)
      git (>= 0.0.0)
    sqlite (1.0.0)
    subversion (1.0.2)
      apache2 (>= 0.0.0)
      windows (>= 0.0.0)
    sudo (2.0.2)
    supervisor (0.4.0)
      python (>= 0.0.0)
    windows (1.7.0)
      chef_handler (>= 0.0.0)
    x264 (0.3.0)
      build-essential (>= 0.0.0)
      git (>= 0.0.0)
    xfs (1.1.0)
    xml (1.1.2)
      build-essential (>= 0.0.0)
    yum (2.0.6)

GIT
  remote: https://github.com/elasticsearch/cookbook-elasticsearch
  ref: master
  sha: 2c46bcc3901b3ed88babf9bade1783c2691ea9e1
  specs:
    elasticsearch (0.2.0)
      ark (>= 0.0.0)

GIT
  remote: https://github.com/geoffreytran/chef-client.git
  ref: master
  sha: 01dc1c78e63618a75fb7fd2e7770e283550b7afd
  specs:
    chef-client (1.2.1)

GIT
  remote: https://github.com/geoffreytran/chef-composer
  ref: master
  sha: 64b458086f6763aea08a63358d85e21047d43f3a
  specs:
    composer (0.0.4)
      apache (>= 0.0.0)

GIT
  remote: https://github.com/geoffreytran/chef-lesscss
  ref: master
  sha: 47df46f2960a67cf64b0331126367e4e33b31b32
  specs:
    lesscss (0.0.1)
      npm (>= 0.0.0)

GIT
  remote: https://github.com/geoffreytran/chef-mysql_charset
  ref: master
  sha: 1a02cac15e0715894540c8680f3c6483bf29b52b
  specs:
    mysql_charset (0.0.1)
      mysql (>= 0.0.0)

GIT
  remote: https://github.com/geoffreytran/chef-symfony2
  ref: master
  sha: 782f8ca1136ac3abdb9089f8b5afd79f77d316b8
  specs:
    symfony2 (0.0.1)
      apache (>= 0.0.0)

GIT
  remote: https://github.com/opscode-cookbooks/application.git
  ref: da3eb5ac8fc20e9db7213c3b22f0a7856a73778c
  sha: da3eb5ac8fc20e9db7213c3b22f0a7856a73778c
  specs:
    application (2.0.1)

GIT
  remote: https://github.com/opscode-cookbooks/php
  ref: master
  sha: f3f5db8d823db821ac696f7b52b2a613c1e2f167
  specs:
    php (1.1.4)
      build-essential (>= 0.0.0)
      mysql (>= 0.0.0)
      xml (>= 0.0.0)

GIT
  remote: https://github.com/opscode-cookbooks/users
  ref: master
  sha: c51c96afca83b382678dc21b8deb25677e6a3d8a
  specs:
    users (1.3.0)

DEPENDENCIES
  apache2 (>= 0)
  application (>= 0)
  application_php (>= 0)
  apt (>= 0)
  ark (>= 0)
  build-essential (>= 0)
  chef-client (>= 0)
  composer (>= 0)
  database (= 1.3.6)
  elasticsearch (>= 0)
  ffmpeg (>= 0)
  git (>= 0)
  htop (>= 0)
  imagemagick (>= 0)
  java (>= 0)
  lesscss (>= 0)
  memcached (>= 0)
  mysql (>= 0)
  mysql_charset (>= 0)
  nodejs (>= 0)
  npm (>= 0)
  php (>= 0)
  redisio (>= 0)
  rsync (>= 0)
  screen (>= 0)
  sqlite (>= 0)
  subversion (>= 0)
  sudo (>= 0)
  supervisor (>= 0)
  symfony2 (>= 0)
  users (>= 0)
  x264 (>= 0)
  yum (>= 0)

